
Microsoft Visual Studio Solution File, Format Version 12.00
# Visual Studio Version 17
VisualStudioVersion = 17.7.34031.279
MinimumVisualStudioVersion = 10.0.40219.1
Project("{9A19103F-16F7-4668-BE54-9A1E7A4F7556}") = "PatronRepositorio", "PatronRepositorio.csproj", "{9B989FC3-20FB-41FB-9853-FD31ED518671}"
EndProject
Project("{FAE04EC0-301F-11D3-BF4B-00C04F79EFBC}") = "DALayer", "..\DALayer\DALayer.csproj", "{90CFC7B8-ED35-4EDC-975B-0F7941A67865}"
EndProject
Global
	GlobalSection(SolutionConfigurationPlatforms) = preSolution
		Debug|Any CPU = Debug|Any CPU
		Release|Any CPU = Release|Any CPU
	EndGlobalSection
	GlobalSection(ProjectConfigurationPlatforms) = postSolution
		{9B989FC3-20FB-41FB-9853-FD31ED518671}.Debug|Any CPU.ActiveCfg = Debug|Any CPU
		{9B989FC3-20FB-41FB-9853-FD31ED518671}.Debug|Any CPU.Build.0 = Debug|Any CPU
		{9B989FC3-20FB-41FB-9853-FD31ED518671}.Release|Any CPU.ActiveCfg = Release|Any CPU
		{9B989FC3-20FB-41FB-9853-FD31ED518671}.Release|Any CPU.Build.0 = Release|Any CPU
		{90CFC7B8-ED35-4EDC-975B-0F7941A67865}.Debug|Any CPU.ActiveCfg = Debug|Any CPU
		{90CFC7B8-ED35-4EDC-975B-0F7941A67865}.Debug|Any CPU.Build.0 = Debug|Any CPU
		{90CFC7B8-ED35-4EDC-975B-0F7941A67865}.Release|Any CPU.ActiveCfg = Release|Any CPU
		{90CFC7B8-ED35-4EDC-975B-0F7941A67865}.Release|Any CPU.Build.0 = Release|Any CPU
	EndGlobalSection
	GlobalSection(SolutionProperties) = preSolution
		HideSolutionNode = FALSE
	EndGlobalSection
	GlobalSection(ExtensibilityGlobals) = postSolution
		SolutionGuid = {D757ACFB-7844-479D-8119-CC0695E0035C}
	EndGlobalSection
EndGlobal
